
Microsoft Visual Studio Solution File, Format Version 12.00
# Visual Studio Version 17
VisualStudioVersion = 17.5.002.0
MinimumVisualStudioVersion = 10.0.40219.1
Project("{9A19103F-16F7-4668-BE54-9A1E7A4F7556}") = "004_DegiskenAlistirma", "004_DegiskenAlistirma.csproj", "{B76F48F4-CB8B-42B0-8A14-939AD64865EA}"
EndProject
Global
	GlobalSection(SolutionConfigurationPlatforms) = preSolution
		Debug|Any CPU = Debug|Any CPU
		Release|Any CPU = Release|Any CPU
	EndGlobalSection
	GlobalSection(ProjectConfigurationPlatforms) = postSolution
		{B76F48F4-CB8B-42B0-8A14-939AD64865EA}.Debug|Any CPU.ActiveCfg = Debug|Any CPU
		{B76F48F4-CB8B-42B0-8A14-939AD64865EA}.Debug|Any CPU.Build.0 = Debug|Any CPU
		{B76F48F4-CB8B-42B0-8A14-939AD64865EA}.Release|Any CPU.ActiveCfg = Release|Any CPU
		{B76F48F4-CB8B-42B0-8A14-939AD64865EA}.Release|Any CPU.Build.0 = Release|Any CPU
	EndGlobalSection
	GlobalSection(SolutionProperties) = preSolution
		HideSolutionNode = FALSE
	EndGlobalSection
	GlobalSection(ExtensibilityGlobals) = postSolution
		SolutionGuid = {BDE997E2-37DD-45D3-8ABF-DF12B8C06DBD}
	EndGlobalSection
EndGlobal
